
Microsoft Visual Studio Solution File, Format Version 12.00
# Visual Studio 15
VisualStudioVersion = 15.0.28307.421
MinimumVisualStudioVersion = 10.0.40219.1
Project("{FAE04EC0-301F-11D3-BF4B-00C04F79EFBC}") = "CTasks", "CTasks\CTasks.csproj", "{FEEF8E1F-ADFB-4DA1-B1A3-24B04B8D980E}"
EndProject
Global
	GlobalSection(SolutionConfigurationPlatforms) = preSolution
		Debug|Any CPU = Debug|Any CPU
		Release|Any CPU = Release|Any CPU
	EndGlobalSection
	GlobalSection(ProjectConfigurationPlatforms) = postSolution
		{FEEF8E1F-ADFB-4DA1-B1A3-24B04B8D980E}.Debug|Any CPU.ActiveCfg = Debug|Any CPU
		{FEEF8E1F-ADFB-4DA1-B1A3-24B04B8D980E}.Debug|Any CPU.Build.0 = Debug|Any CPU
		{FEEF8E1F-ADFB-4DA1-B1A3-24B04B8D980E}.Release|Any CPU.ActiveCfg = Release|Any CPU
		{FEEF8E1F-ADFB-4DA1-B1A3-24B04B8D980E}.Release|Any CPU.Build.0 = Release|Any CPU
	EndGlobalSection
	GlobalSection(SolutionProperties) = preSolution
		HideSolutionNode = FALSE
	EndGlobalSection
	GlobalSection(ExtensibilityGlobals) = postSolution
		SolutionGuid = {CB403EE8-1C9C-4994-807C-E69C00351257}
	EndGlobalSection
EndGlobal
